
Microsoft Visual Studio Solution File, Format Version 11.00
# Visual Studio 2010
Project("{FAE04EC0-301F-11D3-BF4B-00C04F79EFBC}") = "HelloSourceControl", "HelloSourceControl\HelloSourceControl.csproj", "{9111A628-5DF6-4443-B6AA-646FC13F555C}"
EndProject
Global
	GlobalSection(SolutionConfigurationPlatforms) = preSolution
		Debug|Any CPU = Debug|Any CPU
		Release|Any CPU = Release|Any CPU
	EndGlobalSection
	GlobalSection(ProjectConfigurationPlatforms) = postSolution
		{9111A628-5DF6-4443-B6AA-646FC13F555C}.Debug|Any CPU.ActiveCfg = Debug|Any CPU
		{9111A628-5DF6-4443-B6AA-646FC13F555C}.Debug|Any CPU.Build.0 = Debug|Any CPU
		{9111A628-5DF6-4443-B6AA-646FC13F555C}.Release|Any CPU.ActiveCfg = Release|Any CPU
		{9111A628-5DF6-4443-B6AA-646FC13F555C}.Release|Any CPU.Build.0 = Release|Any CPU
	EndGlobalSection
	GlobalSection(SolutionProperties) = preSolution
		HideSolutionNode = FALSE
	EndGlobalSection
EndGlobal
